
Microsoft Visual Studio Solution File, Format Version 12.00
# Visual Studio Version 16
VisualStudioVersion = 16.0.31702.278
MinimumVisualStudioVersion = 10.0.40219.1
Project("{FAE04EC0-301F-11D3-BF4B-00C04F79EFBC}") = "BitacoraCoachingV2", "BitacoraCoachingV2\BitacoraCoachingV2.csproj", "{470D0C6C-A183-4F4A-9320-A7A9C220DDD4}"
EndProject
Global
	GlobalSection(SolutionConfigurationPlatforms) = preSolution
		Debug|Any CPU = Debug|Any CPU
		Release|Any CPU = Release|Any CPU
	EndGlobalSection
	GlobalSection(ProjectConfigurationPlatforms) = postSolution
		{470D0C6C-A183-4F4A-9320-A7A9C220DDD4}.Debug|Any CPU.ActiveCfg = Debug|Any CPU
		{470D0C6C-A183-4F4A-9320-A7A9C220DDD4}.Debug|Any CPU.Build.0 = Debug|Any CPU
		{470D0C6C-A183-4F4A-9320-A7A9C220DDD4}.Release|Any CPU.ActiveCfg = Release|Any CPU
		{470D0C6C-A183-4F4A-9320-A7A9C220DDD4}.Release|Any CPU.Build.0 = Release|Any CPU
	EndGlobalSection
	GlobalSection(SolutionProperties) = preSolution
		HideSolutionNode = FALSE
	EndGlobalSection
	GlobalSection(ExtensibilityGlobals) = postSolution
		SolutionGuid = {766AD514-B232-44BD-995A-BBFD4FB70515}
	EndGlobalSection
EndGlobal
